
Microsoft Visual Studio Solution File, Format Version 12.00
# Visual Studio 15
VisualStudioVersion = 15.0.26730.15
MinimumVisualStudioVersion = 10.0.40219.1
Project("{9A19103F-16F7-4668-BE54-9A1E7A4F7556}") = "Cibertec.Models", "Cibertec.Models\Cibertec.Models.csproj", "{00B7C042-D694-4731-B338-17BD921532C3}"
EndProject
Project("{9A19103F-16F7-4668-BE54-9A1E7A4F7556}") = "Cibertec.Repositories", "Cibertec.Repositories\Cibertec.Repositories.csproj", "{0B8E5A46-5316-4206-9B51-9ECE7D3A7944}"
EndProject
Project("{9A19103F-16F7-4668-BE54-9A1E7A4F7556}") = "Cibertec.Repositories.EntityFrameworkTests", "Cibertec.RepositoriesTests\Cibertec.Repositories.EntityFrameworkTests.csproj", "{85E7EFF3-EDC1-400B-B42A-9451DEB21FC4}"
EndProject
Project("{2150E333-8FDC-42A3-9474-1A3956D46DE8}") = "Data", "Data", "{9E334E8D-174C-4EC2-A9C3-F052A34CC011}"
EndProject
Project("{2150E333-8FDC-42A3-9474-1A3956D46DE8}") = "Test", "Test", "{E0FDE082-B553-40D5-8769-C3AF637E9CA2}"
EndProject
Project("{9A19103F-16F7-4668-BE54-9A1E7A4F7556}") = "Cibertec.Repositories.EntityFramework", "Cibertec.Repositories.EntityFramework\Cibertec.Repositories.EntityFramework.csproj", "{43179D77-EB7C-4D7D-8ED7-E42CB24E018F}"
EndProject
Project("{9A19103F-16F7-4668-BE54-9A1E7A4F7556}") = "Cibertec.Repositories.Dapper", "Cibertec.Repositories.Dapper\Cibertec.Repositories.Dapper.csproj", "{747E67AD-3134-4740-A8FC-4FF0B44B5EBB}"
EndProject
Project("{9A19103F-16F7-4668-BE54-9A1E7A4F7556}") = "Cibertec.Repositories.DapperTests", "Cibertec.Repositories.DapperTests\Cibertec.Repositories.DapperTests.csproj", "{A7A96E07-3754-44EF-B6DB-98F5E344F910}"
EndProject
Project("{9A19103F-16F7-4668-BE54-9A1E7A4F7556}") = "Cibertec.UnitOfWork", "Cibertec.UnitOfWork\Cibertec.UnitOfWork.csproj", "{CF231BB6-24F6-4DF3-8477-0D8F1498BC1F}"
EndProject
Project("{2150E333-8FDC-42A3-9474-1A3956D46DE8}") = "Web", "Web", "{CA6EB03F-31D5-4531-B9A7-9441EE41E500}"
EndProject
Project("{9A19103F-16F7-4668-BE54-9A1E7A4F7556}") = "Cibertec.MVC", "Cibertec.MVC\Cibertec.MVC.csproj", "{3B4BCFC5-FF52-448C-92DA-6041C5E89AA5}"
EndProject
Project("{9A19103F-16F7-4668-BE54-9A1E7A4F7556}") = "Cibertec.WebApi", "Cibertec.WebApi\Cibertec.WebApi.csproj", "{EAEBC703-288E-45A2-80FD-81042E1386BE}"
EndProject
Project("{FAE04EC0-301F-11D3-BF4B-00C04F79EFBC}") = "Cibertec.WebApi.Tests", "Cibertec.WebApi.Tests\Cibertec.WebApi.Tests.csproj", "{6BFB4389-8081-4B94-A96E-37A22ABD928F}"
EndProject
Global
	GlobalSection(SolutionConfigurationPlatforms) = preSolution
		Debug|Any CPU = Debug|Any CPU
		Release|Any CPU = Release|Any CPU
	EndGlobalSection
	GlobalSection(ProjectConfigurationPlatforms) = postSolution
		{00B7C042-D694-4731-B338-17BD921532C3}.Debug|Any CPU.ActiveCfg = Debug|Any CPU
		{00B7C042-D694-4731-B338-17BD921532C3}.Debug|Any CPU.Build.0 = Debug|Any CPU
		{00B7C042-D694-4731-B338-17BD921532C3}.Release|Any CPU.ActiveCfg = Release|Any CPU
		{00B7C042-D694-4731-B338-17BD921532C3}.Release|Any CPU.Build.0 = Release|Any CPU
		{0B8E5A46-5316-4206-9B51-9ECE7D3A7944}.Debug|Any CPU.ActiveCfg = Debug|Any CPU
		{0B8E5A46-5316-4206-9B51-9ECE7D3A7944}.Debug|Any CPU.Build.0 = Debug|Any CPU
		{0B8E5A46-5316-4206-9B51-9ECE7D3A7944}.Release|Any CPU.ActiveCfg = Release|Any CPU
		{0B8E5A46-5316-4206-9B51-9ECE7D3A7944}.Release|Any CPU.Build.0 = Release|Any CPU
		{85E7EFF3-EDC1-400B-B42A-9451DEB21FC4}.Debug|Any CPU.ActiveCfg = Debug|Any CPU
		{85E7EFF3-EDC1-400B-B42A-9451DEB21FC4}.Debug|Any CPU.Build.0 = Debug|Any CPU
		{85E7EFF3-EDC1-400B-B42A-9451DEB21FC4}.Release|Any CPU.ActiveCfg = Release|Any CPU
		{85E7EFF3-EDC1-400B-B42A-9451DEB21FC4}.Release|Any CPU.Build.0 = Release|Any CPU
		{43179D77-EB7C-4D7D-8ED7-E42CB24E018F}.Debug|Any CPU.ActiveCfg = Debug|Any CPU
		{43179D77-EB7C-4D7D-8ED7-E42CB24E018F}.Debug|Any CPU.Build.0 = Debug|Any CPU
		{43179D77-EB7C-4D7D-8ED7-E42CB24E018F}.Release|Any CPU.ActiveCfg = Release|Any CPU
		{43179D77-EB7C-4D7D-8ED7-E42CB24E018F}.Release|Any CPU.Build.0 = Release|Any CPU
		{747E67AD-3134-4740-A8FC-4FF0B44B5EBB}.Debug|Any CPU.ActiveCfg = Debug|Any CPU
		{747E67AD-3134-4740-A8FC-4FF0B44B5EBB}.Debug|Any CPU.Build.0 = Debug|Any CPU
		{747E67AD-3134-4740-A8FC-4FF0B44B5EBB}.Release|Any CPU.ActiveCfg = Release|Any CPU
		{747E67AD-3134-4740-A8FC-4FF0B44B5EBB}.Release|Any CPU.Build.0 = Release|Any CPU
		{A7A96E07-3754-44EF-B6DB-98F5E344F910}.Debug|Any CPU.ActiveCfg = Debug|Any CPU
		{A7A96E07-3754-44EF-B6DB-98F5E344F910}.Debug|Any CPU.Build.0 = Debug|Any CPU
		{A7A96E07-3754-44EF-B6DB-98F5E344F910}.Release|Any CPU.ActiveCfg = Release|Any CPU
		{A7A96E07-3754-44EF-B6DB-98F5E344F910}.Release|Any CPU.Build.0 = Release|Any CPU
		{CF231BB6-24F6-4DF3-8477-0D8F1498BC1F}.Debug|Any CPU.ActiveCfg = Debug|Any CPU
		{CF231BB6-24F6-4DF3-8477-0D8F1498BC1F}.Debug|Any CPU.Build.0 = Debug|Any CPU
		{CF231BB6-24F6-4DF3-8477-0D8F1498BC1F}.Release|Any CPU.ActiveCfg = Release|Any CPU
		{CF231BB6-24F6-4DF3-8477-0D8F1498BC1F}.Release|Any CPU.Build.0 = Release|Any CPU
		{3B4BCFC5-FF52-448C-92DA-6041C5E89AA5}.Debug|Any CPU.ActiveCfg = Debug|Any CPU
		{3B4BCFC5-FF52-448C-92DA-6041C5E89AA5}.Debug|Any CPU.Build.0 = Debug|Any CPU
		{3B4BCFC5-FF52-448C-92DA-6041C5E89AA5}.Release|Any CPU.ActiveCfg = Release|Any CPU
		{3B4BCFC5-FF52-448C-92DA-6041C5E89AA5}.Release|Any CPU.Build.0 = Release|Any CPU
		{EAEBC703-288E-45A2-80FD-81042E1386BE}.Debug|Any CPU.ActiveCfg = Debug|Any CPU
		{EAEBC703-288E-45A2-80FD-81042E1386BE}.Debug|Any CPU.Build.0 = Debug|Any CPU
		{EAEBC703-288E-45A2-80FD-81042E1386BE}.Release|Any CPU.ActiveCfg = Release|Any CPU
		{EAEBC703-288E-45A2-80FD-81042E1386BE}.Release|Any CPU.Build.0 = Release|Any CPU
		{6BFB4389-8081-4B94-A96E-37A22ABD928F}.Debug|Any CPU.ActiveCfg = Debug|Any CPU
		{6BFB4389-8081-4B94-A96E-37A22ABD928F}.Debug|Any CPU.Build.0 = Debug|Any CPU
		{6BFB4389-8081-4B94-A96E-37A22ABD928F}.Release|Any CPU.ActiveCfg = Release|Any CPU
		{6BFB4389-8081-4B94-A96E-37A22ABD928F}.Release|Any CPU.Build.0 = Release|Any CPU
	EndGlobalSection
	GlobalSection(SolutionProperties) = preSolution
		HideSolutionNode = FALSE
	EndGlobalSection
	GlobalSection(NestedProjects) = preSolution
		{00B7C042-D694-4731-B338-17BD921532C3} = {9E334E8D-174C-4EC2-A9C3-F052A34CC011}
		{0B8E5A46-5316-4206-9B51-9ECE7D3A7944} = {9E334E8D-174C-4EC2-A9C3-F052A34CC011}
		{85E7EFF3-EDC1-400B-B42A-9451DEB21FC4} = {E0FDE082-B553-40D5-8769-C3AF637E9CA2}
		{43179D77-EB7C-4D7D-8ED7-E42CB24E018F} = {9E334E8D-174C-4EC2-A9C3-F052A34CC011}
		{747E67AD-3134-4740-A8FC-4FF0B44B5EBB} = {9E334E8D-174C-4EC2-A9C3-F052A34CC011}
		{A7A96E07-3754-44EF-B6DB-98F5E344F910} = {E0FDE082-B553-40D5-8769-C3AF637E9CA2}
		{CF231BB6-24F6-4DF3-8477-0D8F1498BC1F} = {9E334E8D-174C-4EC2-A9C3-F052A34CC011}
		{3B4BCFC5-FF52-448C-92DA-6041C5E89AA5} = {CA6EB03F-31D5-4531-B9A7-9441EE41E500}
		{EAEBC703-288E-45A2-80FD-81042E1386BE} = {CA6EB03F-31D5-4531-B9A7-9441EE41E500}
		{6BFB4389-8081-4B94-A96E-37A22ABD928F} = {E0FDE082-B553-40D5-8769-C3AF637E9CA2}
	EndGlobalSection
	GlobalSection(ExtensibilityGlobals) = postSolution
		SolutionGuid = {FA846BAC-8AC7-454E-B999-B090DFE2217E}
	EndGlobalSection
EndGlobal
